
Microsoft Visual Studio Solution File, Format Version 12.00
# Visual Studio Version 17
VisualStudioVersion = 17.4.33213.308
MinimumVisualStudioVersion = 10.0.40219.1
Project("{FAE04EC0-301F-11D3-BF4B-00C04F79EFBC}") = "MVCDemo", "MVCDemo\MVCDemo.csproj", "{8CBBCE4B-92AA-4181-9A09-858F0F3BBFE6}"
EndProject
Project("{9A19103F-16F7-4668-BE54-9A1E7A4F7556}") = "DocumentDetail", "DocumentDetail\DocumentDetail.csproj", "{4599FD80-AFBC-4318-B24C-824FE9BB916C}"
EndProject
Project("{9A19103F-16F7-4668-BE54-9A1E7A4F7556}") = "Helper", "Helper\Helper.csproj", "{AA76845B-49BE-4AF4-AA3F-52D933A85B09}"
EndProject
Project("{9A19103F-16F7-4668-BE54-9A1E7A4F7556}") = "Grpc.Proto", "Grpc.Proto\Grpc.Proto.csproj", "{0E8FB605-7001-48AD-90C8-C9DDCF146766}"
EndProject
Project("{9A19103F-16F7-4668-BE54-9A1E7A4F7556}") = "AdminApp", "AdminApp\AdminApp.csproj", "{D35CFFD6-0D27-4811-AFC6-137E91E1B869}"
EndProject
Project("{9A19103F-16F7-4668-BE54-9A1E7A4F7556}") = "DAL", "DAL\DAL.csproj", "{6F9F14ED-941E-4288-9935-A8969F4FFF6B}"
EndProject
Project("{2150E333-8FDC-42A3-9474-1A3956D46DE8}") = "Solution Items", "Solution Items", "{0BC77E9C-98AE-4B09-AB06-DC8ED8ABAC62}"
	ProjectSection(SolutionItems) = preProject
		..\..\CodeRepos\IM_PaymentPlatform_Paybill\.gitignore = ..\..\CodeRepos\IM_PaymentPlatform_Paybill\.gitignore
	EndProjectSection
EndProject
Project("{9A19103F-16F7-4668-BE54-9A1E7A4F7556}") = "DTO", "DTO\DTO.csproj", "{723031F8-0C10-466F-9E78-9ECC0705F1B3}"
EndProject
Project("{9A19103F-16F7-4668-BE54-9A1E7A4F7556}") = "AuditLib.Grpc", "AuditLib.Grpc\AuditLib.Grpc.csproj", "{CD802474-67ED-4782-92FE-B204DB5E945B}"
EndProject
Project("{9A19103F-16F7-4668-BE54-9A1E7A4F7556}") = "AuditLib", "AuditLib\AuditLib.csproj", "{E9197D53-1D3A-4F5B-B00A-6018822D08F1}"
EndProject
Project("{9A19103F-16F7-4668-BE54-9A1E7A4F7556}") = "MapperConfig", "MapperConfig\MapperConfig.csproj", "{7FAACCE3-54A8-4331-9F3B-4307F314F736}"
EndProject
Project("{9A19103F-16F7-4668-BE54-9A1E7A4F7556}") = "CodeFirstTest", "CodeFirstTest\CodeFirstTest.csproj", "{1F42FCD6-34E8-4236-AD05-70FE6BDF866A}"
EndProject
Project("{9A19103F-16F7-4668-BE54-9A1E7A4F7556}") = "BlazorAppTest", "BlazorAppTest\BlazorAppTest.csproj", "{6B8C1F24-6250-4058-A74A-7E2BFBA007DE}"
EndProject
Project("{9A19103F-16F7-4668-BE54-9A1E7A4F7556}") = "BlazorWebApp2", "BlazorWebApp2\BlazorWebApp2.csproj", "{6A5871F8-E965-4B94-BD2B-A102D824B860}"
EndProject
Project("{9A19103F-16F7-4668-BE54-9A1E7A4F7556}") = "MyAntDesignApp", "MyAntDesignApp\MyAntDesignApp.csproj", "{17BE934D-C892-46DE-BAEE-401D10E8CECF}"
EndProject
Project("{9A19103F-16F7-4668-BE54-9A1E7A4F7556}") = "QuartzDemo", "QuartzDemo\QuartzDemo.csproj", "{544BE254-0E6C-4499-8101-D911B8479E16}"
EndProject
Project("{9A19103F-16F7-4668-BE54-9A1E7A4F7556}") = "QuartzExample", "QuartzExample\QuartzExample.csproj", "{1BC0AE55-EFB2-4AFD-926E-DC6330FB8B1B}"
EndProject
Project("{2150E333-8FDC-42A3-9474-1A3956D46DE8}") = "YarpTest", "YarpTest", "{F90DF2ED-BBA2-4C71-9772-54F410322157}"
EndProject
Project("{9A19103F-16F7-4668-BE54-9A1E7A4F7556}") = "GrpcServer", "YarpTest\GrpcServer\GrpcServer.csproj", "{BE005E00-19B1-4213-AA69-15ECC0231BC6}"
EndProject
Project("{9A19103F-16F7-4668-BE54-9A1E7A4F7556}") = "YarpGateway", "YarpTest\YarpGateway\YarpGateway.csproj", "{97D63993-DE53-435F-830D-A15B4CEE0E11}"
EndProject
Project("{9A19103F-16F7-4668-BE54-9A1E7A4F7556}") = "GrpcClient", "YarpTest\GrpcClient\GrpcClient.csproj", "{A45EE573-C621-4003-92D1-A4F66AA32B30}"
EndProject
Project("{9A19103F-16F7-4668-BE54-9A1E7A4F7556}") = "BlazorRealTest", "BlazorRealTest\BlazorRealTest.csproj", "{43FC8034-ED3C-44D8-94C9-217134218823}"
EndProject
Project("{9A19103F-16F7-4668-BE54-9A1E7A4F7556}") = "LibUtil", "LibUtil\LibUtil.csproj", "{CF3C4DF1-907C-4AB6-810F-0BEE9BA2E7F2}"
EndProject
Project("{9A19103F-16F7-4668-BE54-9A1E7A4F7556}") = "WebAppTest", "WebAppTest\WebAppTest.csproj", "{8DC6B327-8E51-45E7-A89A-98728FCE5BB7}"
EndProject
Project("{2150E333-8FDC-42A3-9474-1A3956D46DE8}") = "BuildingBlocks", "BuildingBlocks", "{410F3350-0F43-49EA-80E8-FFFF5DE144BD}"
EndProject
Project("{9A19103F-16F7-4668-BE54-9A1E7A4F7556}") = "Infrastructure", "Infrastructure\Infrastructure.csproj", "{D3BEB0BA-656F-4A67-841F-3ADA368D710D}"
EndProject
Project("{9A19103F-16F7-4668-BE54-9A1E7A4F7556}") = "ConsoleApp1", "ConsoleApp1\ConsoleApp1.csproj", "{F2C597E4-D2C7-4897-B113-F20F922EFC0B}"
EndProject
Project("{9A19103F-16F7-4668-BE54-9A1E7A4F7556}") = "PollyClient", "TestPolly\PollyClient\PollyClient.csproj", "{6CF34804-E22A-4F62-B6C7-6E378020F854}"
EndProject
Project("{2150E333-8FDC-42A3-9474-1A3956D46DE8}") = "TestPolly", "TestPolly", "{96E7B166-1A7F-402D-A363-82F3DA122A96}"
EndProject
Project("{9A19103F-16F7-4668-BE54-9A1E7A4F7556}") = "PollyClientApi", "TestPolly\PollyClientApi\PollyClientApi.csproj", "{AEB61F2C-BD16-4656-B70A-F027C4FC3149}"
EndProject
Project("{9A19103F-16F7-4668-BE54-9A1E7A4F7556}") = "PollyConsole", "TestPolly\PollyConsole\PollyConsole.csproj", "{82B87B6F-CA15-4A06-8677-1600F34D93D7}"
EndProject
Project("{9A19103F-16F7-4668-BE54-9A1E7A4F7556}") = "PollyServer", "TestPolly\PolyServer\PollyServer.csproj", "{06B71605-A06C-4E83-9EB6-C212A7C5DE2A}"
EndProject
Project("{9A19103F-16F7-4668-BE54-9A1E7A4F7556}") = "TestExportExcell2", "TestExportExcell2\TestExportExcell2.csproj", "{4ACD86D7-AE94-4245-AF84-BACA30127C6F}"
EndProject
Global
	GlobalSection(SolutionConfigurationPlatforms) = preSolution
		Debug|Any CPU = Debug|Any CPU
		Release|Any CPU = Release|Any CPU
	EndGlobalSection
	GlobalSection(ProjectConfigurationPlatforms) = postSolution
		{8CBBCE4B-92AA-4181-9A09-858F0F3BBFE6}.Debug|Any CPU.ActiveCfg = Debug|Any CPU
		{8CBBCE4B-92AA-4181-9A09-858F0F3BBFE6}.Debug|Any CPU.Build.0 = Debug|Any CPU
		{8CBBCE4B-92AA-4181-9A09-858F0F3BBFE6}.Release|Any CPU.ActiveCfg = Release|Any CPU
		{8CBBCE4B-92AA-4181-9A09-858F0F3BBFE6}.Release|Any CPU.Build.0 = Release|Any CPU
		{4599FD80-AFBC-4318-B24C-824FE9BB916C}.Debug|Any CPU.ActiveCfg = Debug|Any CPU
		{4599FD80-AFBC-4318-B24C-824FE9BB916C}.Debug|Any CPU.Build.0 = Debug|Any CPU
		{4599FD80-AFBC-4318-B24C-824FE9BB916C}.Release|Any CPU.ActiveCfg = Release|Any CPU
		{4599FD80-AFBC-4318-B24C-824FE9BB916C}.Release|Any CPU.Build.0 = Release|Any CPU
		{AA76845B-49BE-4AF4-AA3F-52D933A85B09}.Debug|Any CPU.ActiveCfg = Debug|Any CPU
		{AA76845B-49BE-4AF4-AA3F-52D933A85B09}.Debug|Any CPU.Build.0 = Debug|Any CPU
		{AA76845B-49BE-4AF4-AA3F-52D933A85B09}.Release|Any CPU.ActiveCfg = Release|Any CPU
		{AA76845B-49BE-4AF4-AA3F-52D933A85B09}.Release|Any CPU.Build.0 = Release|Any CPU
		{0E8FB605-7001-48AD-90C8-C9DDCF146766}.Debug|Any CPU.ActiveCfg = Debug|Any CPU
		{0E8FB605-7001-48AD-90C8-C9DDCF146766}.Debug|Any CPU.Build.0 = Debug|Any CPU
		{0E8FB605-7001-48AD-90C8-C9DDCF146766}.Release|Any CPU.ActiveCfg = Release|Any CPU
		{0E8FB605-7001-48AD-90C8-C9DDCF146766}.Release|Any CPU.Build.0 = Release|Any CPU
		{D35CFFD6-0D27-4811-AFC6-137E91E1B869}.Debug|Any CPU.ActiveCfg = Debug|Any CPU
		{D35CFFD6-0D27-4811-AFC6-137E91E1B869}.Debug|Any CPU.Build.0 = Debug|Any CPU
		{D35CFFD6-0D27-4811-AFC6-137E91E1B869}.Release|Any CPU.ActiveCfg = Release|Any CPU
		{D35CFFD6-0D27-4811-AFC6-137E91E1B869}.Release|Any CPU.Build.0 = Release|Any CPU
		{6F9F14ED-941E-4288-9935-A8969F4FFF6B}.Debug|Any CPU.ActiveCfg = Debug|Any CPU
		{6F9F14ED-941E-4288-9935-A8969F4FFF6B}.Debug|Any CPU.Build.0 = Debug|Any CPU
		{6F9F14ED-941E-4288-9935-A8969F4FFF6B}.Release|Any CPU.ActiveCfg = Release|Any CPU
		{6F9F14ED-941E-4288-9935-A8969F4FFF6B}.Release|Any CPU.Build.0 = Release|Any CPU
		{723031F8-0C10-466F-9E78-9ECC0705F1B3}.Debug|Any CPU.ActiveCfg = Debug|Any CPU
		{723031F8-0C10-466F-9E78-9ECC0705F1B3}.Debug|Any CPU.Build.0 = Debug|Any CPU
		{723031F8-0C10-466F-9E78-9ECC0705F1B3}.Release|Any CPU.ActiveCfg = Release|Any CPU
		{723031F8-0C10-466F-9E78-9ECC0705F1B3}.Release|Any CPU.Build.0 = Release|Any CPU
		{CD802474-67ED-4782-92FE-B204DB5E945B}.Debug|Any CPU.ActiveCfg = Debug|Any CPU
		{CD802474-67ED-4782-92FE-B204DB5E945B}.Debug|Any CPU.Build.0 = Debug|Any CPU
		{CD802474-67ED-4782-92FE-B204DB5E945B}.Release|Any CPU.ActiveCfg = Release|Any CPU
		{CD802474-67ED-4782-92FE-B204DB5E945B}.Release|Any CPU.Build.0 = Release|Any CPU
		{E9197D53-1D3A-4F5B-B00A-6018822D08F1}.Debug|Any CPU.ActiveCfg = Debug|Any CPU
		{E9197D53-1D3A-4F5B-B00A-6018822D08F1}.Debug|Any CPU.Build.0 = Debug|Any CPU
		{E9197D53-1D3A-4F5B-B00A-6018822D08F1}.Release|Any CPU.ActiveCfg = Release|Any CPU
		{E9197D53-1D3A-4F5B-B00A-6018822D08F1}.Release|Any CPU.Build.0 = Release|Any CPU
		{7FAACCE3-54A8-4331-9F3B-4307F314F736}.Debug|Any CPU.ActiveCfg = Debug|Any CPU
		{7FAACCE3-54A8-4331-9F3B-4307F314F736}.Debug|Any CPU.Build.0 = Debug|Any CPU
		{7FAACCE3-54A8-4331-9F3B-4307F314F736}.Release|Any CPU.ActiveCfg = Release|Any CPU
		{7FAACCE3-54A8-4331-9F3B-4307F314F736}.Release|Any CPU.Build.0 = Release|Any CPU
		{1F42FCD6-34E8-4236-AD05-70FE6BDF866A}.Debug|Any CPU.ActiveCfg = Debug|Any CPU
		{1F42FCD6-34E8-4236-AD05-70FE6BDF866A}.Debug|Any CPU.Build.0 = Debug|Any CPU
		{1F42FCD6-34E8-4236-AD05-70FE6BDF866A}.Release|Any CPU.ActiveCfg = Release|Any CPU
		{1F42FCD6-34E8-4236-AD05-70FE6BDF866A}.Release|Any CPU.Build.0 = Release|Any CPU
		{6B8C1F24-6250-4058-A74A-7E2BFBA007DE}.Debug|Any CPU.ActiveCfg = Debug|Any CPU
		{6B8C1F24-6250-4058-A74A-7E2BFBA007DE}.Debug|Any CPU.Build.0 = Debug|Any CPU
		{6B8C1F24-6250-4058-A74A-7E2BFBA007DE}.Release|Any CPU.ActiveCfg = Release|Any CPU
		{6B8C1F24-6250-4058-A74A-7E2BFBA007DE}.Release|Any CPU.Build.0 = Release|Any CPU
		{6A5871F8-E965-4B94-BD2B-A102D824B860}.Debug|Any CPU.ActiveCfg = Debug|Any CPU
		{6A5871F8-E965-4B94-BD2B-A102D824B860}.Debug|Any CPU.Build.0 = Debug|Any CPU
		{6A5871F8-E965-4B94-BD2B-A102D824B860}.Release|Any CPU.ActiveCfg = Release|Any CPU
		{6A5871F8-E965-4B94-BD2B-A102D824B860}.Release|Any CPU.Build.0 = Release|Any CPU
		{17BE934D-C892-46DE-BAEE-401D10E8CECF}.Debug|Any CPU.ActiveCfg = Debug|Any CPU
		{17BE934D-C892-46DE-BAEE-401D10E8CECF}.Debug|Any CPU.Build.0 = Debug|Any CPU
		{17BE934D-C892-46DE-BAEE-401D10E8CECF}.Release|Any CPU.ActiveCfg = Release|Any CPU
		{17BE934D-C892-46DE-BAEE-401D10E8CECF}.Release|Any CPU.Build.0 = Release|Any CPU
		{544BE254-0E6C-4499-8101-D911B8479E16}.Debug|Any CPU.ActiveCfg = Debug|Any CPU
		{544BE254-0E6C-4499-8101-D911B8479E16}.Debug|Any CPU.Build.0 = Debug|Any CPU
		{544BE254-0E6C-4499-8101-D911B8479E16}.Release|Any CPU.ActiveCfg = Release|Any CPU
		{544BE254-0E6C-4499-8101-D911B8479E16}.Release|Any CPU.Build.0 = Release|Any CPU
		{1BC0AE55-EFB2-4AFD-926E-DC6330FB8B1B}.Debug|Any CPU.ActiveCfg = Debug|Any CPU
		{1BC0AE55-EFB2-4AFD-926E-DC6330FB8B1B}.Debug|Any CPU.Build.0 = Debug|Any CPU
		{1BC0AE55-EFB2-4AFD-926E-DC6330FB8B1B}.Release|Any CPU.ActiveCfg = Release|Any CPU
		{1BC0AE55-EFB2-4AFD-926E-DC6330FB8B1B}.Release|Any CPU.Build.0 = Release|Any CPU
		{BE005E00-19B1-4213-AA69-15ECC0231BC6}.Debug|Any CPU.ActiveCfg = Debug|Any CPU
		{BE005E00-19B1-4213-AA69-15ECC0231BC6}.Debug|Any CPU.Build.0 = Debug|Any CPU
		{BE005E00-19B1-4213-AA69-15ECC0231BC6}.Release|Any CPU.ActiveCfg = Release|Any CPU
		{BE005E00-19B1-4213-AA69-15ECC0231BC6}.Release|Any CPU.Build.0 = Release|Any CPU
		{97D63993-DE53-435F-830D-A15B4CEE0E11}.Debug|Any CPU.ActiveCfg = Debug|Any CPU
		{97D63993-DE53-435F-830D-A15B4CEE0E11}.Debug|Any CPU.Build.0 = Debug|Any CPU
		{97D63993-DE53-435F-830D-A15B4CEE0E11}.Release|Any CPU.ActiveCfg = Release|Any CPU
		{97D63993-DE53-435F-830D-A15B4CEE0E11}.Release|Any CPU.Build.0 = Release|Any CPU
		{A45EE573-C621-4003-92D1-A4F66AA32B30}.Debug|Any CPU.ActiveCfg = Debug|Any CPU
		{A45EE573-C621-4003-92D1-A4F66AA32B30}.Debug|Any CPU.Build.0 = Debug|Any CPU
		{A45EE573-C621-4003-92D1-A4F66AA32B30}.Release|Any CPU.ActiveCfg = Release|Any CPU
		{A45EE573-C621-4003-92D1-A4F66AA32B30}.Release|Any CPU.Build.0 = Release|Any CPU
		{43FC8034-ED3C-44D8-94C9-217134218823}.Debug|Any CPU.ActiveCfg = Debug|Any CPU
		{43FC8034-ED3C-44D8-94C9-217134218823}.Debug|Any CPU.Build.0 = Debug|Any CPU
		{43FC8034-ED3C-44D8-94C9-217134218823}.Release|Any CPU.ActiveCfg = Release|Any CPU
		{43FC8034-ED3C-44D8-94C9-217134218823}.Release|Any CPU.Build.0 = Release|Any CPU
		{CF3C4DF1-907C-4AB6-810F-0BEE9BA2E7F2}.Debug|Any CPU.ActiveCfg = Debug|Any CPU
		{CF3C4DF1-907C-4AB6-810F-0BEE9BA2E7F2}.Debug|Any CPU.Build.0 = Debug|Any CPU
		{CF3C4DF1-907C-4AB6-810F-0BEE9BA2E7F2}.Release|Any CPU.ActiveCfg = Release|Any CPU
		{CF3C4DF1-907C-4AB6-810F-0BEE9BA2E7F2}.Release|Any CPU.Build.0 = Release|Any CPU
		{8DC6B327-8E51-45E7-A89A-98728FCE5BB7}.Debug|Any CPU.ActiveCfg = Debug|Any CPU
		{8DC6B327-8E51-45E7-A89A-98728FCE5BB7}.Debug|Any CPU.Build.0 = Debug|Any CPU
		{8DC6B327-8E51-45E7-A89A-98728FCE5BB7}.Release|Any CPU.ActiveCfg = Release|Any CPU
		{8DC6B327-8E51-45E7-A89A-98728FCE5BB7}.Release|Any CPU.Build.0 = Release|Any CPU
		{D3BEB0BA-656F-4A67-841F-3ADA368D710D}.Debug|Any CPU.ActiveCfg = Debug|Any CPU
		{D3BEB0BA-656F-4A67-841F-3ADA368D710D}.Debug|Any CPU.Build.0 = Debug|Any CPU
		{D3BEB0BA-656F-4A67-841F-3ADA368D710D}.Release|Any CPU.ActiveCfg = Release|Any CPU
		{D3BEB0BA-656F-4A67-841F-3ADA368D710D}.Release|Any CPU.Build.0 = Release|Any CPU
		{F2C597E4-D2C7-4897-B113-F20F922EFC0B}.Debug|Any CPU.ActiveCfg = Debug|Any CPU
		{F2C597E4-D2C7-4897-B113-F20F922EFC0B}.Debug|Any CPU.Build.0 = Debug|Any CPU
		{F2C597E4-D2C7-4897-B113-F20F922EFC0B}.Release|Any CPU.ActiveCfg = Release|Any CPU
		{F2C597E4-D2C7-4897-B113-F20F922EFC0B}.Release|Any CPU.Build.0 = Release|Any CPU
		{6CF34804-E22A-4F62-B6C7-6E378020F854}.Debug|Any CPU.ActiveCfg = Debug|Any CPU
		{6CF34804-E22A-4F62-B6C7-6E378020F854}.Debug|Any CPU.Build.0 = Debug|Any CPU
		{6CF34804-E22A-4F62-B6C7-6E378020F854}.Release|Any CPU.ActiveCfg = Release|Any CPU
		{6CF34804-E22A-4F62-B6C7-6E378020F854}.Release|Any CPU.Build.0 = Release|Any CPU
		{AEB61F2C-BD16-4656-B70A-F027C4FC3149}.Debug|Any CPU.ActiveCfg = Debug|Any CPU
		{AEB61F2C-BD16-4656-B70A-F027C4FC3149}.Debug|Any CPU.Build.0 = Debug|Any CPU
		{AEB61F2C-BD16-4656-B70A-F027C4FC3149}.Release|Any CPU.ActiveCfg = Release|Any CPU
		{AEB61F2C-BD16-4656-B70A-F027C4FC3149}.Release|Any CPU.Build.0 = Release|Any CPU
		{82B87B6F-CA15-4A06-8677-1600F34D93D7}.Debug|Any CPU.ActiveCfg = Debug|Any CPU
		{82B87B6F-CA15-4A06-8677-1600F34D93D7}.Debug|Any CPU.Build.0 = Debug|Any CPU
		{82B87B6F-CA15-4A06-8677-1600F34D93D7}.Release|Any CPU.ActiveCfg = Release|Any CPU
		{82B87B6F-CA15-4A06-8677-1600F34D93D7}.Release|Any CPU.Build.0 = Release|Any CPU
		{06B71605-A06C-4E83-9EB6-C212A7C5DE2A}.Debug|Any CPU.ActiveCfg = Debug|Any CPU
		{06B71605-A06C-4E83-9EB6-C212A7C5DE2A}.Debug|Any CPU.Build.0 = Debug|Any CPU
		{06B71605-A06C-4E83-9EB6-C212A7C5DE2A}.Release|Any CPU.ActiveCfg = Release|Any CPU
		{06B71605-A06C-4E83-9EB6-C212A7C5DE2A}.Release|Any CPU.Build.0 = Release|Any CPU
		{4ACD86D7-AE94-4245-AF84-BACA30127C6F}.Debug|Any CPU.ActiveCfg = Debug|Any CPU
		{4ACD86D7-AE94-4245-AF84-BACA30127C6F}.Debug|Any CPU.Build.0 = Debug|Any CPU
		{4ACD86D7-AE94-4245-AF84-BACA30127C6F}.Release|Any CPU.ActiveCfg = Release|Any CPU
		{4ACD86D7-AE94-4245-AF84-BACA30127C6F}.Release|Any CPU.Build.0 = Release|Any CPU
	EndGlobalSection
	GlobalSection(SolutionProperties) = preSolution
		HideSolutionNode = FALSE
	EndGlobalSection
	GlobalSection(NestedProjects) = preSolution
		{BE005E00-19B1-4213-AA69-15ECC0231BC6} = {F90DF2ED-BBA2-4C71-9772-54F410322157}
		{97D63993-DE53-435F-830D-A15B4CEE0E11} = {F90DF2ED-BBA2-4C71-9772-54F410322157}
		{A45EE573-C621-4003-92D1-A4F66AA32B30} = {F90DF2ED-BBA2-4C71-9772-54F410322157}
		{D3BEB0BA-656F-4A67-841F-3ADA368D710D} = {410F3350-0F43-49EA-80E8-FFFF5DE144BD}
		{6CF34804-E22A-4F62-B6C7-6E378020F854} = {96E7B166-1A7F-402D-A363-82F3DA122A96}
		{AEB61F2C-BD16-4656-B70A-F027C4FC3149} = {96E7B166-1A7F-402D-A363-82F3DA122A96}
		{82B87B6F-CA15-4A06-8677-1600F34D93D7} = {96E7B166-1A7F-402D-A363-82F3DA122A96}
		{06B71605-A06C-4E83-9EB6-C212A7C5DE2A} = {96E7B166-1A7F-402D-A363-82F3DA122A96}
	EndGlobalSection
	GlobalSection(ExtensibilityGlobals) = postSolution
		SolutionGuid = {9A2F4143-BE71-4B27-B632-18C75F83B31A}
	EndGlobalSection
EndGlobal
