
Microsoft Visual Studio Solution File, Format Version 12.00
# Visual Studio Version 17
VisualStudioVersion = 17.4.33213.308
MinimumVisualStudioVersion = 10.0.40219.1
Project("{FAE04EC0-301F-11D3-BF4B-00C04F79EFBC}") = "MVCDemo", "MVCDemo\MVCDemo.csproj", "{8CBBCE4B-92AA-4181-9A09-858F0F3BBFE6}"
EndProject
Project("{9A19103F-16F7-4668-BE54-9A1E7A4F7556}") = "DocumentDetail", "DocumentDetail\DocumentDetail.csproj", "{4599FD80-AFBC-4318-B24C-824FE9BB916C}"
EndProject
Project("{9A19103F-16F7-4668-BE54-9A1E7A4F7556}") = "BlazorApp1", "BlazorApp1\BlazorApp1.csproj", "{53012700-E948-46EE-96A4-7A2237713E99}"
EndProject
Project("{9A19103F-16F7-4668-BE54-9A1E7A4F7556}") = "Helper", "Helper\Helper.csproj", "{AA76845B-49BE-4AF4-AA3F-52D933A85B09}"
EndProject
Project("{9A19103F-16F7-4668-BE54-9A1E7A4F7556}") = "Grpc.Proto", "Grpc.Proto\Grpc.Proto.csproj", "{0E8FB605-7001-48AD-90C8-C9DDCF146766}"
EndProject
Project("{FAE04EC0-301F-11D3-BF4B-00C04F79EFBC}") = "DTO", "DTO\DTO.csproj", "{45552466-CA6E-40DC-B8C8-9DAD71CFD5DE}"
EndProject
Project("{FAE04EC0-301F-11D3-BF4B-00C04F79EFBC}") = "AdminApp", "AdminApp\AdminApp.csproj", "{D35CFFD6-0D27-4811-AFC6-137E91E1B869}"
EndProject
Global
	GlobalSection(SolutionConfigurationPlatforms) = preSolution
		Debug|Any CPU = Debug|Any CPU
		Release|Any CPU = Release|Any CPU
	EndGlobalSection
	GlobalSection(ProjectConfigurationPlatforms) = postSolution
		{8CBBCE4B-92AA-4181-9A09-858F0F3BBFE6}.Debug|Any CPU.ActiveCfg = Debug|Any CPU
		{8CBBCE4B-92AA-4181-9A09-858F0F3BBFE6}.Debug|Any CPU.Build.0 = Debug|Any CPU
		{8CBBCE4B-92AA-4181-9A09-858F0F3BBFE6}.Release|Any CPU.ActiveCfg = Release|Any CPU
		{8CBBCE4B-92AA-4181-9A09-858F0F3BBFE6}.Release|Any CPU.Build.0 = Release|Any CPU
		{4599FD80-AFBC-4318-B24C-824FE9BB916C}.Debug|Any CPU.ActiveCfg = Debug|Any CPU
		{4599FD80-AFBC-4318-B24C-824FE9BB916C}.Debug|Any CPU.Build.0 = Debug|Any CPU
		{4599FD80-AFBC-4318-B24C-824FE9BB916C}.Release|Any CPU.ActiveCfg = Release|Any CPU
		{4599FD80-AFBC-4318-B24C-824FE9BB916C}.Release|Any CPU.Build.0 = Release|Any CPU
		{53012700-E948-46EE-96A4-7A2237713E99}.Debug|Any CPU.ActiveCfg = Debug|Any CPU
		{53012700-E948-46EE-96A4-7A2237713E99}.Debug|Any CPU.Build.0 = Debug|Any CPU
		{53012700-E948-46EE-96A4-7A2237713E99}.Release|Any CPU.ActiveCfg = Release|Any CPU
		{53012700-E948-46EE-96A4-7A2237713E99}.Release|Any CPU.Build.0 = Release|Any CPU
		{AA76845B-49BE-4AF4-AA3F-52D933A85B09}.Debug|Any CPU.ActiveCfg = Debug|Any CPU
		{AA76845B-49BE-4AF4-AA3F-52D933A85B09}.Debug|Any CPU.Build.0 = Debug|Any CPU
		{AA76845B-49BE-4AF4-AA3F-52D933A85B09}.Release|Any CPU.ActiveCfg = Release|Any CPU
		{AA76845B-49BE-4AF4-AA3F-52D933A85B09}.Release|Any CPU.Build.0 = Release|Any CPU
		{0E8FB605-7001-48AD-90C8-C9DDCF146766}.Debug|Any CPU.ActiveCfg = Debug|Any CPU
		{0E8FB605-7001-48AD-90C8-C9DDCF146766}.Debug|Any CPU.Build.0 = Debug|Any CPU
		{0E8FB605-7001-48AD-90C8-C9DDCF146766}.Release|Any CPU.ActiveCfg = Release|Any CPU
		{0E8FB605-7001-48AD-90C8-C9DDCF146766}.Release|Any CPU.Build.0 = Release|Any CPU
		{45552466-CA6E-40DC-B8C8-9DAD71CFD5DE}.Debug|Any CPU.ActiveCfg = Debug|Any CPU
		{45552466-CA6E-40DC-B8C8-9DAD71CFD5DE}.Debug|Any CPU.Build.0 = Debug|Any CPU
		{45552466-CA6E-40DC-B8C8-9DAD71CFD5DE}.Release|Any CPU.ActiveCfg = Release|Any CPU
		{45552466-CA6E-40DC-B8C8-9DAD71CFD5DE}.Release|Any CPU.Build.0 = Release|Any CPU
		{D35CFFD6-0D27-4811-AFC6-137E91E1B869}.Debug|Any CPU.ActiveCfg = Debug|Any CPU
		{D35CFFD6-0D27-4811-AFC6-137E91E1B869}.Debug|Any CPU.Build.0 = Debug|Any CPU
		{D35CFFD6-0D27-4811-AFC6-137E91E1B869}.Release|Any CPU.ActiveCfg = Release|Any CPU
		{D35CFFD6-0D27-4811-AFC6-137E91E1B869}.Release|Any CPU.Build.0 = Release|Any CPU
	EndGlobalSection
	GlobalSection(SolutionProperties) = preSolution
		HideSolutionNode = FALSE
	EndGlobalSection
	GlobalSection(ExtensibilityGlobals) = postSolution
		SolutionGuid = {9A2F4143-BE71-4B27-B632-18C75F83B31A}
	EndGlobalSection
EndGlobal
